Microsoft Visual Studio Solution File, Format Version 12.00
# Visual Studio Version 17
VisualStudioVersion = 17.5.2.0
MinimumVisualStudioVersion = 10.0.40219.1
Project("{FAE04EC0-301F-11D3-BF4B-00C04F79EFBC}") = "Sumpooj.API", "Sumpooj.API\Sumpooj.API.csproj", "{5DD249BA-1F36-6906-B69D-B0895AECED51}"
EndProject
Project("{FAE04EC0-301F-11D3-BF4B-00C04F79EFBC}") = "Sumpooj.Application", "Sumpooj.Application\Sumpooj.Application.csproj", "{CA771C2A-DF16-8358-CAA9-1E5962632D05}"
EndProject
Project("{FAE04EC0-301F-11D3-BF4B-00C04F79EFBC}") = "Sumpooj.Blazor", "Sumpooj.Blazor\Sumpooj.Blazor.csproj", "{38383F4C-5B45-584A-981D-B5E5EEB50C72}"
EndProject
Project("{FAE04EC0-301F-11D3-BF4B-00C04F79EFBC}") = "Sumpooj.Domain", "Sumpooj.Domain\Sumpooj.Domain.csproj", "{5C2FA1B4-4429-1EFC-F71F-058CC3C346A8}"
EndProject
Project("{FAE04EC0-301F-11D3-BF4B-00C04F79EFBC}") = "Sumpooj.Infrastructure", "Sumpooj.Infrastructure\Sumpooj.Infrastructure.csproj", "{6AD382F0-0EB0-0FDB-2972-A27895B9993D}"
EndProject
Global
	GlobalSection(SolutionConfigurationPlatforms) = preSolution
		Debug|Any CPU = Debug|Any CPU
		Release|Any CPU = Release|Any CPU
	EndGlobalSection
	GlobalSection(ProjectConfigurationPlatforms) = postSolution
		{5DD249BA-1F36-6906-B69D-B0895AECED51}.Debug|Any CPU.ActiveCfg = Debug|Any CPU
		{5DD249BA-1F36-6906-B69D-B0895AECED51}.Debug|Any CPU.Build.0 = Debug|Any CPU
		{5DD249BA-1F36-6906-B69D-B0895AECED51}.Release|Any CPU.ActiveCfg = Release|Any CPU
		{5DD249BA-1F36-6906-B69D-B0895AECED51}.Release|Any CPU.Build.0 = Release|Any CPU
		{CA771C2A-DF16-8358-CAA9-1E5962632D05}.Debug|Any CPU.ActiveCfg = Debug|Any CPU
		{CA771C2A-DF16-8358-CAA9-1E5962632D05}.Debug|Any CPU.Build.0 = Debug|Any CPU
		{CA771C2A-DF16-8358-CAA9-1E5962632D05}.Release|Any CPU.ActiveCfg = Release|Any CPU
		{CA771C2A-DF16-8358-CAA9-1E5962632D05}.Release|Any CPU.Build.0 = Release|Any CPU
		{38383F4C-5B45-584A-981D-B5E5EEB50C72}.Debug|Any CPU.ActiveCfg = Debug|Any CPU
		{38383F4C-5B45-584A-981D-B5E5EEB50C72}.Debug|Any CPU.Build.0 = Debug|Any CPU
		{38383F4C-5B45-584A-981D-B5E5EEB50C72}.Release|Any CPU.ActiveCfg = Release|Any CPU
		{38383F4C-5B45-584A-981D-B5E5EEB50C72}.Release|Any CPU.Build.0 = Release|Any CPU
		{5C2FA1B4-4429-1EFC-F71F-058CC3C346A8}.Debug|Any CPU.ActiveCfg = Debug|Any CPU
		{5C2FA1B4-4429-1EFC-F71F-058CC3C346A8}.Debug|Any CPU.Build.0 = Debug|Any CPU
		{5C2FA1B4-4429-1EFC-F71F-058CC3C346A8}.Release|Any CPU.ActiveCfg = Release|Any CPU
		{5C2FA1B4-4429-1EFC-F71F-058CC3C346A8}.Release|Any CPU.Build.0 = Release|Any CPU
		{6AD382F0-0EB0-0FDB-2972-A27895B9993D}.Debug|Any CPU.ActiveCfg = Debug|Any CPU
		{6AD382F0-0EB0-0FDB-2972-A27895B9993D}.Debug|Any CPU.Build.0 = Debug|Any CPU
		{6AD382F0-0EB0-0FDB-2972-A27895B9993D}.Release|Any CPU.ActiveCfg = Release|Any CPU
		{6AD382F0-0EB0-0FDB-2972-A27895B9993D}.Release|Any CPU.Build.0 = Release|Any CPU
	EndGlobalSection
	GlobalSection(SolutionProperties) = preSolution
		HideSolutionNode = FALSE
	EndGlobalSection
	GlobalSection(ExtensibilityGlobals) = postSolution
		SolutionGuid = {EB1780B9-886D-472E-9144-0075D095B86E}
	EndGlobalSection
EndGlobal
