<Solution>
  <Project Path="Sumpooj.API/Sumpooj.API.csproj" Id="8a39725a-b220-4952-b1e6-a780baf50236">
    <BuildDependency Project="Sumpooj.Application/Sumpooj.Application.csproj" />
    <BuildDependency Project="Sumpooj.Infrastructure/Sumpooj.Infrastructure.csproj" />
  </Project>
  <Project Path="Sumpooj.Application/Sumpooj.Application.csproj" Id="ffc88706-18e9-4d55-aef4-fde1c8d0933c">
    <BuildDependency Project="Sumpooj.Domain/Sumpooj.Domain.csproj" />
  </Project>
  <Project Path="Sumpooj.Domain/Sumpooj.Domain.csproj" />
  <Project Path="Sumpooj.Infrastructure/Sumpooj.Infrastructure.csproj" Id="f2e28da7-e6f3-4010-b2c4-7695694188e6">
    <BuildDependency Project="Sumpooj.Application/Sumpooj.Application.csproj" />
  </Project>
</Solution>
